{
  "nodes": {
    "home-manager": {
      "inputs": {
        "nixpkgs": [
          "nixpkgs"
        ]
      },
      "locked": {
        "lastModified": 1760929667,
        "narHash": "sha256-nZh6uvc71nVNaf/y+wesnjwsmJ6IZZUnP2EzpZe48To=",
        "owner": "nix-community",
        "repo": "home-manager",
        "rev": "189c21cf879669008ccf06e78a553f17e88d8ef0",
        "type": "github"
      },
      "original": {
        "owner": "nix-community",
        "repo": "home-manager",
        "type": "github"
      }
    },
    "nix-index-db": {
      "inputs": {
        "nixpkgs": [
          "nixpkgs"
        ]
      },
      "locked": {
        "lastModified": 1681266119,
        "narHash": "sha256-ab38GFUD/FOJKdmHO9WyFqHVvrgLSUADzsor68jBwcc=",
        "owner": "usertam",
        "repo": "nix-index-db",
        "rev": "a885a29838579f7ea4ab78f97c59a62cd53e468f",
        "type": "github"
      },
      "original": {
        "owner": "usertam",
        "ref": "standalone/nixpkgs-unstable",
        "repo": "nix-index-db",
        "type": "github"
      }
    },
    "nix4vscode": {
      "inputs": {
        "nixpkgs": [
          "nixpkgs"
        ],
        "systems": "systems"
      },
      "locked": {
        "lastModified": 1760925742,
        "narHash": "sha256-jgmAMRaOMW9rHNB/nMQsDp0H8ZDu7wLJMzni+7QDZzg=",
        "owner": "nix-community",
        "repo": "nix4vscode",
        "rev": "2b0067817d5b34e48a61ec3a682586d27c8cad37",
        "type": "github"
      },
      "original": {
        "owner": "nix-community",
        "repo": "nix4vscode",
        "type": "github"
      }
    },
    "nixpkgs": {
      "locked": {
        "lastModified": 1760934318,
        "narHash": "sha256-/oUYsC0lUCBory65VK+UHqCCsCspbL1Vgfcf1KUYqVw=",
        "owner": "NixOS",
        "repo": "nixpkgs",
        "rev": "87848bf0cc4f87717fc813a4575f07330c3e743c",
        "type": "github"
      },
      "original": {
        "owner": "NixOS",
        "ref": "nixpkgs-unstable",
        "repo": "nixpkgs",
        "type": "github"
      }
    },
    "root": {
      "inputs": {
        "home-manager": "home-manager",
        "nix-index-db": "nix-index-db",
        "nix4vscode": "nix4vscode",
        "nixpkgs": "nixpkgs"
      }
    },
    "systems": {
      "flake": false,
      "locked": {
        "lastModified": 1681028828,
        "narHash": "sha256-Vy1rq5AaRuLzOxct8nz4T6wlgyUR7zLU309k9mBC768=",
        "owner": "nix-systems",
        "repo": "default",
        "rev": "da67096a3b9bf56a91d16901293e51ba5b49a27e",
        "type": "github"
      },
      "original": {
        "owner": "nix-systems",
        "repo": "default",
        "type": "github"
      }
    }
  },
  "root": "root",
  "version": 7
}
